// !$*UTF8*$!
{
	archiveVersion = 1;
	classes = {
	};
	objectVersion = 77;
	objects = {

/* Begin PBXContainerItemProxy section */
		D92A72232F91F4180036EE5D /* PBXContainerItemProxy */ = {
			isa = PBXContainerItemProxy;
			containerPortal = D92A72062F91F4160036EE5D /* Project object */;
			proxyType = 1;
			remoteGlobalIDString = D92A720D2F91F4160036EE5D;
			remoteInfo = ISODraw;
		};
		D92A722D2F91F4180036EE5D /* PBXContainerItemProxy */ = {
			isa = PBXContainerItemProxy;
			containerPortal = D92A72062F91F4160036EE5D /* Project object */;
			proxyType = 1;
			remoteGlobalIDString = D92A720D2F91F4160036EE5D;
			remoteInfo = ISODraw;
		};
/* End PBXContainerItemProxy section */

/* Begin PBXFileReference section */
		D92A720E2F91F4160036EE5D /* ISODraw.app */ = {isa = PBXFileReference; explicitFileType = wrapper.application; includeInIndex = 0; path = ISODraw.app; sourceTree = BUILT_PRODUCTS_DIR; };
		D92A72222F91F4180036EE5D /* ISODrawTests.xctest */ = {isa = PBXFileReference; explicitFileType = wrapper.cfbundle; includeInIndex = 0; path = ISODrawTests.xctest; sourceTree = BUILT_PRODUCTS_DIR; };
		D92A722C2F91F4180036EE5D /* ISODrawUITests.xctest */ = {isa = PBXFileReference; explicitFileType = wrapper.cfbundle; includeInIndex = 0; path = ISODrawUITests.xctest; sourceTree = BUILT_PRODUCTS_DIR; };
/* End PBXFileReference section */

/* Begin PBXFileSystemSynchronizedRootGroup section */
		D92A72102F91F4160036EE5D /* ISODraw */ = {
			isa = PBXFileSystemSynchronizedRootGroup;
			path = ISODraw;
			sourceTree = "<group>";
		};
		D92A72252F91F4180036EE5D /* ISODrawTests */ = {
			isa = PBXFileSystemSynchronizedRootGroup;
			path = ISODrawTests;
			sourceTree = "<group>";
		};
		D92A722F2F91F4180036EE5D /* ISODrawUITests */ = {
			isa = PBXFileSystemSynchronizedRootGroup;
			path = ISODrawUITests;
			sourceTree = "<group>";
		};
/* End PBXFileSystemSynchronizedRootGroup section */

/* Begin PBXFrameworksBuildPhase section */
		D92A720B2F91F4160036EE5D /* Frameworks */ = {
			isa = PBXFrameworksBuildPhase;
			buildActionMask = 2147483647;
			files = (
			);
			runOnlyForDeploymentPostprocessing = 0;
		};
		D92A721F2F91F4180036EE5D /* Frameworks */ = {
			isa = PBXFrameworksBuildPhase;
			buildActionMask = 2147483647;
			files = (
			);
			runOnlyForDeploymentPostprocessing = 0;
		};
		D92A72292F91F4180036EE5D /* Frameworks */ = {
			isa = PBXFrameworksBuildPhase;
			buildActionMask = 2147483647;
			files = (
			);
			runOnlyForDeploymentPostprocessing = 0;
		};
/* End PBXFrameworksBuildPhase section */

/* Begin PBXGroup section */
		D92A72052F91F4160036EE5D = {
			isa = PBXGroup;
			children = (
				D92A72102F91F4160036EE5D /* ISODraw */,
				D92A72252F91F4180036EE5D /* ISODrawTests */,
				D92A722F2F91F4180036EE5D /* ISODrawUITests */,
				D92A720F2F91F4160036EE5D /* Products */,
			);
			sourceTree = "<group>";
		};
		D92A720F2F91F4160036EE5D /* Products */ = {
			isa = PBXGroup;
			children = (
				D92A720E2F91F4160036EE5D /* ISODraw.app */,
				D92A72222F91F4180036EE5D /* ISODrawTests.xctest */,
				D92A722C2F91F4180036EE5D /* ISODrawUITests.xctest */,
			);
			name = Products;
			sourceTree = "<group>";
		};
/* End PBXGroup section */

/* Begin PBXNativeTarget section */
		D92A720D2F91F4160036EE5D /* ISODraw */ = {
			isa = PBXNativeTarget;
			buildConfigurationList = D92A72362F91F4180036EE5D /* Build configuration list for PBXNativeTarget "ISODraw" */;
			buildPhases = (
				D92A720A2F91F4160036EE5D /* Sources */,
				D92A720B2F91F4160036EE5D /* Frameworks */,
				D92A720C2F91F4160036EE5D /* Resources */,
			);
			buildRules = (
			);
			dependencies = (
			);
			fileSystemSynchronizedGroups = (
				D92A72102F91F4160036EE5D /* ISODraw */,
			);
			name = ISODraw;
			packageProductDependencies = (
			);
			productName = ISODraw;
			productReference = D92A720E2F91F4160036EE5D /* ISODraw.app */;
			productType = "com.apple.product-type.application";
		};
		D92A72212F91F4180036EE5D /* ISODrawTests */ = {
			isa = PBXNativeTarget;
			buildConfigurationList = D92A72392F91F4180036EE5D /* Build configuration list for PBXNativeTarget "ISODrawTests" */;
			buildPhases = (
				D92A721E2F91F4180036EE5D /* Sources */,
				D92A721F2F91F4180036EE5D /* Frameworks */,
				D92A72202F91F4180036EE5D /* Resources */,
			);
			buildRules = (
			);
			dependencies = (
				D92A72242F91F4180036EE5D /* PBXTargetDependency */,
			);
			fileSystemSynchronizedGroups = (
				D92A72252F91F4180036EE5D /* ISODrawTests */,
			);
			name = ISODrawTests;
			packageProductDependencies = (
			);
			productName = ISODrawTests;
			productReference = D92A72222F91F4180036EE5D /* ISODrawTests.xctest */;
			productType = "com.apple.product-type.bundle.unit-test";
		};
		D92A722B2F91F4180036EE5D /* ISODrawUITests */ = {
			isa = PBXNativeTarget;
			buildConfigurationList = D92A723C2F91F4180036EE5D /* Build configuration list for PBXNativeTarget "ISODrawUITests" */;
			buildPhases = (
				D92A72282F91F4180036EE5D /* Sources */,
				D92A72292F91F4180036EE5D /* Frameworks */,
				D92A722A2F91F4180036EE5D /* Resources */,
			);
			buildRules = (
			);
			dependencies = (
				D92A722E2F91F4180036EE5D /* PBXTargetDependency */,
			);
			fileSystemSynchronizedGroups = (
				D92A722F2F91F4180036EE5D /* ISODrawUITests */,
			);
			name = ISODrawUITests;
			packageProductDependencies = (
			);
			productName = ISODrawUITests;
			productReference = D92A722C2F91F4180036EE5D /* ISODrawUITests.xctest */;
			productType = "com.apple.product-type.bundle.ui-testing";
		};
/* End PBXNativeTarget section */

/* Begin PBXProject section */
		D92A72062F91F4160036EE5D /* Project object */ = {
			isa = PBXProject;
			attributes = {
				BuildIndependentTargetsInParallel = 1;
				LastUpgradeCheck = 2620;
				TargetAttributes = {
					D92A720D2F91F4160036EE5D = {
						CreatedOnToolsVersion = 26.2;
					};
					D92A72212F91F4180036EE5D = {
						CreatedOnToolsVersion = 26.2;
						TestTargetID = D92A720D2F91F4160036EE5D;
					};
					D92A722B2F91F4180036EE5D = {
						CreatedOnToolsVersion = 26.2;
						TestTargetID = D92A720D2F91F4160036EE5D;
					};
				};
			};
			buildConfigurationList = D92A72092F91F4160036EE5D /* Build configuration list for PBXProject "ISODraw" */;
			developmentRegion = en;
			hasScannedForEncodings = 0;
			knownRegions = (
				en,
				Base,
			);
			mainGroup = D92A72052F91F4160036EE5D;
			minimizedProjectReferenceProxies = 1;
			preferredProjectObjectVersion = 77;
			productRefGroup = D92A720F2F91F4160036EE5D /* Products */;
			projectDirPath = "";
			projectRoot = "";
			targets = (
				D92A720D2F91F4160036EE5D /* ISODraw */,
				D92A72212F91F4180036EE5D /* ISODrawTests */,
				D92A722B2F91F4180036EE5D /* ISODrawUITests */,
			);
		};
/* End PBXProject section */

/* Begin PBXResourcesBuildPhase section */
		D92A720C2F91F4160036EE5D /* Resources */ = {
			isa = PBXResourcesBuildPhase;
			buildActionMask = 2147483647;
			files = (
			);
			runOnlyForDeploymentPostprocessing = 0;
		};
		D92A72202F91F4180036EE5D /* Resources */ = {
			isa = PBXResourcesBuildPhase;
			buildActionMask = 2147483647;
			files = (
			);
			runOnlyForDeploymentPostprocessing = 0;
		};
		D92A722A2F91F4180036EE5D /* Resources */ = {
			isa = PBXResourcesBuildPhase;
			buildActionMask = 2147483647;
			files = (
			);
			runOnlyForDeploymentPostprocessing = 0;
		};
/* End PBXResourcesBuildPhase section */

/* Begin PBXSourcesBuildPhase section */
		D92A720A2F91F4160036EE5D /* Sources */ = {
			isa = PBXSourcesBuildPhase;
			buildActionMask = 2147483647;
			files = (
			);
			runOnlyForDeploymentPostprocessing = 0;
		};
		D92A721E2F91F4180036EE5D /* Sources */ = {
			isa = PBXSourcesBuildPhase;
			buildActionMask = 2147483647;
			files = (
			);
			runOnlyForDeploymentPostprocessing = 0;
		};
		D92A72282F91F4180036EE5D /* Sources */ = {
			isa = PBXSourcesBuildPhase;
			buildActionMask = 2147483647;
			files = (
			);
			runOnlyForDeploymentPostprocessing = 0;
		};
/* End PBXSourcesBuildPhase section */

/* Begin PBXTargetDependency section */
		D92A72242F91F4180036EE5D /* PBXTargetDependency */ = {
			isa = PBXTargetDependency;
			target = D92A720D2F91F4160036EE5D /* ISODraw */;
			targetProxy = D92A72232F91F4180036EE5D /* PBXContainerItemProxy */;
		};
		D92A722E2F91F4180036EE5D /* PBXTargetDependency */ = {
			isa = PBXTargetDependency;
			target = D92A720D2F91F4160036EE5D /* ISODraw */;
			targetProxy = D92A722D2F91F4180036EE5D /* PBXContainerItemProxy */;
		};
/* End PBXTargetDependency section */

/* Begin XCBuildConfiguration section */
		D92A72342F91F4180036EE5D /* Debug */ = {
			isa = XCBuildConfiguration;
			buildSettings = {
				ALWAYS_SEARCH_USER_PATHS = NO;
				ASSETCATALOG_COMPILER_GENERATE_SWIFT_ASSET_SYMBOL_EXTENSIONS = YES;
				CLANG_ANALYZER_NONNULL = YES;
				CLANG_ANALYZER_NUMBER_OBJECT_CONVERSION = YES_AGGRESSIVE;
				CLANG_CXX_LANGUAGE_STANDARD = "gnu++20";
				CLANG_ENABLE_MODULES = YES;
				CLANG_ENABLE_OBJC_ARC = YES;
				CLANG_ENABLE_OBJC_WEAK = YES;
				CLANG_WARN_BLOCK_CAPTURE_AUTORELEASING = YES;
				CLANG_WARN_BOOL_CONVERSION = YES;
				CLANG_WARN_COMMA = YES;
				CLANG_WARN_CONSTANT_CONVERSION = YES;
				CLANG_WARN_DEPRECATED_OBJC_IMPLEMENTATIONS = YES;
				CLANG_WARN_DIRECT_OBJC_ISA_USAGE = YES_ERROR;
				CLANG_WARN_DOCUMENTATION_COMMENTS = YES;
				CLANG_WARN_EMPTY_BODY = YES;
				CLANG_WARN_ENUM_CONVERSION = YES;
				CLANG_WARN_INFINITE_RECURSION = YES;
				CLANG_WARN_INT_CONVERSION = YES;
				CLANG_WARN_NON_LITERAL_NULL_CONVERSION = YES;
				CLANG_WARN_OBJC_IMPLICIT_RETAIN_SELF = YES;
				CLANG_WARN_OBJC_LITERAL_CONVERSION = YES;
				CLANG_WARN_OBJC_ROOT_CLASS = YES_ERROR;
				CLANG_WARN_QUOTED_INCLUDE_IN_FRAMEWORK_HEADER = YES;
				CLANG_WARN_RANGE_LOOP_ANALYSIS = YES;
				CLANG_WARN_STRICT_PROTOTYPES = YES;
				CLANG_WARN_SUSPICIOUS_MOVE = YES;
				CLANG_WARN_UNGUARDED_AVAILABILITY = YES_AGGRESSIVE;
				CLANG_WARN_UNREACHABLE_CODE = YES;
				CLANG_WARN__DUPLICATE_METHOD_MATCH = YES;
				COPY_PHASE_STRIP = NO;
				DEBUG_INFORMATION_FORMAT = dwarf;
				DEVELOPMENT_TEAM = AM5334753U;
				ENABLE_STRICT_OBJC_MSGSEND = YES;
				ENABLE_TESTABILITY = YES;
				ENABLE_USER_SCRIPT_SANDBOXING = YES;
				GCC_C_LANGUAGE_STANDARD = gnu17;
				GCC_DYNAMIC_NO_PIC = NO;
				GCC_NO_COMMON_BLOCKS = YES;
				GCC_OPTIMIZATION_LEVEL = 0;
				GCC_PREPROCESSOR_DEFINITIONS = (
					"DEBUG=1",
					"$(inherited)",
				);
				GCC_WARN_64_TO_32_BIT_CONVERSION = YES;
				GCC_WARN_ABOUT_RETURN_TYPE = YES_ERROR;
				GCC_WARN_UNDECLARED_SELECTOR = YES;
				GCC_WARN_UNINITIALIZED_AUTOS = YES_AGGRESSIVE;
				GCC_WARN_UNUSED_FUNCTION = YES;
				GCC_WARN_UNUSED_VARIABLE = YES;
				LOCALIZATION_PREFERS_STRING_CATALOGS = YES;
				MACOSX_DEPLOYMENT_TARGET = 26.2;
				MTL_ENABLE_DEBUG_INFO = INCLUDE_SOURCE;
				MTL_FAST_MATH = YES;
				ONLY_ACTIVE_ARCH = YES;
				SDKROOT = macosx;
			};
			name = Debug;
		};
		D92A72352F91F4180036EE5D /* Release */ = {
			isa = XCBuildConfiguration;
			buildSettings = {
				ALWAYS_SEARCH_USER_PATHS = NO;
				ASSETCATALOG_COMPILER_GENERATE_SWIFT_ASSET_SYMBOL_EXTENSIONS = YES;
				CLANG_ANALYZER_NONNULL = YES;
				CLANG_ANALYZER_NUMBER_OBJECT_CONVERSION = YES_AGGRESSIVE;
				CLANG_CXX_LANGUAGE_STANDARD = "gnu++20";
				CLANG_ENABLE_MODULES = YES;
				CLANG_ENABLE_OBJC_ARC = YES;
				CLANG_ENABLE_OBJC_WEAK = YES;
				CLANG_WARN_BLOCK_CAPTURE_AUTORELEASING = YES;
				CLANG_WARN_BOOL_CONVERSION = YES;
				CLANG_WARN_COMMA = YES;
				CLANG_WARN_CONSTANT_CONVERSION = YES;
				CLANG_WARN_DEPRECATED_OBJC_IMPLEMENTATIONS = YES;
				CLANG_WARN_DIRECT_OBJC_ISA_USAGE = YES_ERROR;
				CLANG_WARN_DOCUMENTATION_COMMENTS = YES;
				CLANG_WARN_EMPTY_BODY = YES;
				CLANG_WARN_ENUM_CONVERSION = YES;
				CLANG_WARN_INFINITE_RECURSION = YES;
				CLANG_WARN_INT_CONVERSION = YES;
				CLANG_WARN_NON_LITERAL_NULL_CONVERSION = YES;
				CLANG_WARN_OBJC_IMPLICIT_RETAIN_SELF = YES;
				CLANG_WARN_OBJC_LITERAL_CONVERSION = YES;
				CLANG_WARN_OBJC_ROOT_CLASS = YES_ERROR;
				CLANG_WARN_QUOTED_INCLUDE_IN_FRAMEWORK_HEADER = YES;
				CLANG_WARN_RANGE_LOOP_ANALYSIS = YES;
				CLANG_WARN_STRICT_PROTOTYPES = YES;
				CLANG_WARN_SUSPICIOUS_MOVE = YES;
				CLANG_WARN_UNGUARDED_AVAILABILITY = YES_AGGRESSIVE;
				CLANG_WARN_UNREACHABLE_CODE = YES;
				CLANG_WARN__DUPLICATE_METHOD_MATCH = YES;
				COPY_PHASE_STRIP = NO;
				DEBUG_INFORMATION_FORMAT = "dwarf-with-dsym";
				DEVELOPMENT_TEAM = AM5334753U;
				ENABLE_NS_ASSERTIONS = NO;
				ENABLE_STRICT_OBJC_MSGSEND = YES;
				ENABLE_USER_SCRIPT_SANDBOXING = YES;
				GCC_C_LANGUAGE_STANDARD = gnu17;
				GCC_NO_COMMON_BLOCKS = YES;
				GCC_WARN_64_TO_32_BIT_CONVERSION = YES;
				GCC_WARN_ABOUT_RETURN_TYPE = YES_ERROR;
				GCC_WARN_UNDECLARED_SELECTOR = YES;
				GCC_WARN_UNINITIALIZED_AUTOS = YES_AGGRESSIVE;
				GCC_WARN_UNUSED_FUNCTION = YES;
				GCC_WARN_UNUSED_VARIABLE = YES;
				LOCALIZATION_PREFERS_STRING_CATALOGS = YES;
				MACOSX_DEPLOYMENT_TARGET = 26.2;
				MTL_ENABLE_DEBUG_INFO = NO;
				MTL_FAST_MATH = YES;
				SDKROOT = macosx;
			};
			name = Release;
		};
		D92A72372F91F4180036EE5D /* Debug */ = {
			isa = XCBuildConfiguration;
			buildSettings = {
				ASSETCATALOG_COMPILER_APPICON_NAME = AppIcon;
				ASSETCATALOG_COMPILER_GLOBAL_ACCENT_COLOR_NAME = AccentColor;
				CODE_SIGN_STYLE = Automatic;
				COMBINE_HIDPI_IMAGES = YES;
				CURRENT_PROJECT_VERSION = 1;
				DEVELOPMENT_TEAM = AM5334753U;
				ENABLE_APP_SANDBOX = YES;
				ENABLE_HARDENED_RUNTIME = YES;
				ENABLE_USER_SELECTED_FILES = readonly;
				GENERATE_INFOPLIST_FILE = YES;
				INFOPLIST_KEY_NSHumanReadableCopyright = "";
				INFOPLIST_KEY_NSMainStoryboardFile = Main;
				INFOPLIST_KEY_NSPrincipalClass = NSApplication;
				LD_RUNPATH_SEARCH_PATHS = (
					"$(inherited)",
					"@executable_path/../Frameworks",
				);
				MARKETING_VERSION = 1.0;
				PRODUCT_BUNDLE_IDENTIFIER = IL.ISODraw;
				PRODUCT_NAME = "$(TARGET_NAME)";
				REGISTER_APP_GROUPS = YES;
				STRING_CATALOG_GENERATE_SYMBOLS = YES;
				SWIFT_EMIT_LOC_STRINGS = YES;
			};
			name = Debug;
		};
		D92A72382F91F4180036EE5D /* Release */ = {
			isa = XCBuildConfiguration;
			buildSettings = {
				ASSETCATALOG_COMPILER_APPICON_NAME = AppIcon;
				ASSETCATALOG_COMPILER_GLOBAL_ACCENT_COLOR_NAME = AccentColor;
				CODE_SIGN_STYLE = Automatic;
				COMBINE_HIDPI_IMAGES = YES;
				CURRENT_PROJECT_VERSION = 1;
				DEVELOPMENT_TEAM = AM5334753U;
				ENABLE_APP_SANDBOX = YES;
				ENABLE_HARDENED_RUNTIME = YES;
				ENABLE_USER_SELECTED_FILES = readonly;
				GENERATE_INFOPLIST_FILE = YES;
				INFOPLIST_KEY_NSHumanReadableCopyright = "";
				INFOPLIST_KEY_NSMainStoryboardFile = Main;
				INFOPLIST_KEY_NSPrincipalClass = NSApplication;
				LD_RUNPATH_SEARCH_PATHS = (
					"$(inherited)",
					"@executable_path/../Frameworks",
				);
				MARKETING_VERSION = 1.0;
				PRODUCT_BUNDLE_IDENTIFIER = IL.ISODraw;
				PRODUCT_NAME = "$(TARGET_NAME)";
				REGISTER_APP_GROUPS = YES;
				STRING_CATALOG_GENERATE_SYMBOLS = YES;
				SWIFT_EMIT_LOC_STRINGS = YES;
			};
			name = Release;
		};
		D92A723A2F91F4180036EE5D /* Debug */ = {
			isa = XCBuildConfiguration;
			buildSettings = {
				BUNDLE_LOADER = "$(TEST_HOST)";
				CODE_SIGN_STYLE = Automatic;
				CURRENT_PROJECT_VERSION = 1;
				DEVELOPMENT_TEAM = AM5334753U;
				GENERATE_INFOPLIST_FILE = YES;
				MACOSX_DEPLOYMENT_TARGET = 26.2;
				MARKETING_VERSION = 1.0;
				PRODUCT_BUNDLE_IDENTIFIER = IL.ISODrawTests;
				PRODUCT_NAME = "$(TARGET_NAME)";
				STRING_CATALOG_GENERATE_SYMBOLS = NO;
				SWIFT_EMIT_LOC_STRINGS = NO;
				TEST_HOST = "$(BUILT_PRODUCTS_DIR)/ISODraw.app/$(BUNDLE_EXECUTABLE_FOLDER_PATH)/ISODraw";
			};
			name = Debug;
		};
		D92A723B2F91F4180036EE5D /* Release */ = {
			isa = XCBuildConfiguration;
			buildSettings = {
				BUNDLE_LOADER = "$(TEST_HOST)";
				CODE_SIGN_STYLE = Automatic;
				CURRENT_PROJECT_VERSION = 1;
				DEVELOPMENT_TEAM = AM5334753U;
				GENERATE_INFOPLIST_FILE = YES;
				MACOSX_DEPLOYMENT_TARGET = 26.2;
				MARKETING_VERSION = 1.0;
				PRODUCT_BUNDLE_IDENTIFIER = IL.ISODrawTests;
				PRODUCT_NAME = "$(TARGET_NAME)";
				STRING_CATALOG_GENERATE_SYMBOLS = NO;
				SWIFT_EMIT_LOC_STRINGS = NO;
				TEST_HOST = "$(BUILT_PRODUCTS_DIR)/ISODraw.app/$(BUNDLE_EXECUTABLE_FOLDER_PATH)/ISODraw";
			};
			name = Release;
		};
		D92A723D2F91F4180036EE5D /* Debug */ = {
			isa = XCBuildConfiguration;
			buildSettings = {
				CODE_SIGN_STYLE = Automatic;
				CURRENT_PROJECT_VERSION = 1;
				DEVELOPMENT_TEAM = AM5334753U;
				GENERATE_INFOPLIST_FILE = YES;
				MARKETING_VERSION = 1.0;
				PRODUCT_BUNDLE_IDENTIFIER = IL.ISODrawUITests;
				PRODUCT_NAME = "$(TARGET_NAME)";
				STRING_CATALOG_GENERATE_SYMBOLS = NO;
				SWIFT_EMIT_LOC_STRINGS = NO;
				TEST_TARGET_NAME = ISODraw;
			};
			name = Debug;
		};
		D92A723E2F91F4180036EE5D /* Release */ = {
			isa = XCBuildConfiguration;
			buildSettings = {
				CODE_SIGN_STYLE = Automatic;
				CURRENT_PROJECT_VERSION = 1;
				DEVELOPMENT_TEAM = AM5334753U;
				GENERATE_INFOPLIST_FILE = YES;
				MARKETING_VERSION = 1.0;
				PRODUCT_BUNDLE_IDENTIFIER = IL.ISODrawUITests;
				PRODUCT_NAME = "$(TARGET_NAME)";
				STRING_CATALOG_GENERATE_SYMBOLS = NO;
				SWIFT_EMIT_LOC_STRINGS = NO;
				TEST_TARGET_NAME = ISODraw;
			};
			name = Release;
		};
/* End XCBuildConfiguration section */

/* Begin XCConfigurationList section */
		D92A72092F91F4160036EE5D /* Build configuration list for PBXProject "ISODraw" */ = {
			isa = XCConfigurationList;
			buildConfigurations = (
				D92A72342F91F4180036EE5D /* Debug */,
				D92A72352F91F4180036EE5D /* Release */,
			);
			defaultConfigurationIsVisible = 0;
			defaultConfigurationName = Release;
		};
		D92A72362F91F4180036EE5D /* Build configuration list for PBXNativeTarget "ISODraw" */ = {
			isa = XCConfigurationList;
			buildConfigurations = (
				D92A72372F91F4180036EE5D /* Debug */,
				D92A72382F91F4180036EE5D /* Release */,
			);
			defaultConfigurationIsVisible = 0;
			defaultConfigurationName = Release;
		};
		D92A72392F91F4180036EE5D /* Build configuration list for PBXNativeTarget "ISODrawTests" */ = {
			isa = XCConfigurationList;
			buildConfigurations = (
				D92A723A2F91F4180036EE5D /* Debug */,
				D92A723B2F91F4180036EE5D /* Release */,
			);
			defaultConfigurationIsVisible = 0;
			defaultConfigurationName = Release;
		};
		D92A723C2F91F4180036EE5D /* Build configuration list for PBXNativeTarget "ISODrawUITests" */ = {
			isa = XCConfigurationList;
			buildConfigurations = (
				D92A723D2F91F4180036EE5D /* Debug */,
				D92A723E2F91F4180036EE5D /* Release */,
			);
			defaultConfigurationIsVisible = 0;
			defaultConfigurationName = Release;
		};
/* End XCConfigurationList section */
	};
	rootObject = D92A72062F91F4160036EE5D /* Project object */;
}
